
Microsoft Visual Studio Solution File, Format Version 12.00
# Visual Studio Version 16
VisualStudioVersion = 16.0.30225.117
MinimumVisualStudioVersion = 10.0.40219.1
Project("{FAE04EC0-301F-11D3-BF4B-00C04F79EFBC}") = "Punching", "Punching\Punching.csproj", "{923DC776-EBF9-4FE1-9547-A573BBFAED4B}"
EndProject
Global
	GlobalSection(SolutionConfigurationPlatforms) = preSolution
		Debug|Any CPU = Debug|Any CPU
		Release|Any CPU = Release|Any CPU
	EndGlobalSection
	GlobalSection(ProjectConfigurationPlatforms) = postSolution
		{923DC776-EBF9-4FE1-9547-A573BBFAED4B}.Debug|Any CPU.ActiveCfg = Debug|Any CPU
		{923DC776-EBF9-4FE1-9547-A573BBFAED4B}.Debug|Any CPU.Build.0 = Debug|Any CPU
		{923DC776-EBF9-4FE1-9547-A573BBFAED4B}.Release|Any CPU.ActiveCfg = Release|Any CPU
		{923DC776-EBF9-4FE1-9547-A573BBFAED4B}.Release|Any CPU.Build.0 = Release|Any CPU
	EndGlobalSection
	GlobalSection(SolutionProperties) = preSolution
		HideSolutionNode = FALSE
	EndGlobalSection
	GlobalSection(ExtensibilityGlobals) = postSolution
		SolutionGuid = {2BC6334D-0EFE-4CAE-86EE-A2F162DC5E01}
	EndGlobalSection
EndGlobal
